// !$*UTF8*$!
{
	archiveVersion = 1;
	classes = {
	};
	objectVersion = 55;
	objects = {

/* Begin PBXBuildFile section */
		CF25272A986214D5F84C7B7C /* Pods_Parstagram.framework in Frameworks */ = {isa = PBXBuildFile; fileRef = 3C445179EF48F85C0AE70DE1 /* Pods_Parstagram.framework */; };
		EF7A7EB327F6DBE1000843F2 /* Commentcell.swift in Sources */ = {isa = PBXBuildFile; fileRef = EF7A7EB227F6DBE1000843F2 /* Commentcell.swift */; };
		EFF2E31627EDA9EF00753E7F /* AppDelegate.swift in Sources */ = {isa = PBXBuildFile; fileRef = EFF2E31527EDA9EF00753E7F /* AppDelegate.swift */; };
		EFF2E31827EDA9EF00753E7F /* SceneDelegate.swift in Sources */ = {isa = PBXBuildFile; fileRef = EFF2E31727EDA9EF00753E7F /* SceneDelegate.swift */; };
		EFF2E31D27EDA9EF00753E7F /* Main.storyboard in Resources */ = {isa = PBXBuildFile; fileRef = EFF2E31B27EDA9EF00753E7F /* Main.storyboard */; };
		EFF2E31F27EDA9F300753E7F /* Assets.xcassets in Resources */ = {isa = PBXBuildFile; fileRef = EFF2E31E27EDA9F300753E7F /* Assets.xcassets */; };
		EFF2E32227EDA9F300753E7F /* LaunchScreen.storyboard in Resources */ = {isa = PBXBuildFile; fileRef = EFF2E32027EDA9F300753E7F /* LaunchScreen.storyboard */; };
		EFF2E32D27EDA9F400753E7F /* ParstagramTests.swift in Sources */ = {isa = PBXBuildFile; fileRef = EFF2E32C27EDA9F400753E7F /* ParstagramTests.swift */; };
		EFF2E33727EDA9F400753E7F /* ParstagramUITests.swift in Sources */ = {isa = PBXBuildFile; fileRef = EFF2E33627EDA9F400753E7F /* ParstagramUITests.swift */; };
		EFF2E33927EDA9F400753E7F /* ParstagramUITestsLaunchTests.swift in Sources */ = {isa = PBXBuildFile; fileRef = EFF2E33827EDA9F400753E7F /* ParstagramUITestsLaunchTests.swift */; };
		EFF2E34627EDAFDB00753E7F /* LoginViewController.swift in Sources */ = {isa = PBXBuildFile; fileRef = EFF2E34527EDAFDB00753E7F /* LoginViewController.swift */; };
		EFF2E34827EDAFF100753E7F /* FeedViewController.swift in Sources */ = {isa = PBXBuildFile; fileRef = EFF2E34727EDAFF100753E7F /* FeedViewController.swift */; };
		EFF2E34A27EDBA4600753E7F /* CameraViewController.swift in Sources */ = {isa = PBXBuildFile; fileRef = EFF2E34927EDBA4600753E7F /* CameraViewController.swift */; };
		EFF2E34C27EE5EF500753E7F /* PostCell.swift in Sources */ = {isa = PBXBuildFile; fileRef = EFF2E34B27EE5EF400753E7F /* PostCell.swift */; };
/* End PBXBuildFile section */

/* Begin PBXContainerItemProxy section */
		EFF2E32927EDA9F400753E7F /* PBXContainerItemProxy */ = {
			isa = PBXContainerItemProxy;
			containerPortal = EFF2E30A27EDA9EF00753E7F /* Project object */;
			proxyType = 1;
			remoteGlobalIDString = EFF2E31127EDA9EF00753E7F;
			remoteInfo = Parstagram;
		};
		EFF2E33327EDA9F400753E7F /* PBXContainerItemProxy */ = {
			isa = PBXContainerItemProxy;
			containerPortal = EFF2E30A27EDA9EF00753E7F /* Project object */;
			proxyType = 1;
			remoteGlobalIDString = EFF2E31127EDA9EF00753E7F;
			remoteInfo = Parstagram;
		};
/* End PBXContainerItemProxy section */

/* Begin PBXFileReference section */
		3C445179EF48F85C0AE70DE1 /* Pods_Parstagram.framework */ = {isa = PBXFileReference; explicitFileType = wrapper.framework; includeInIndex = 0; path = Pods_Parstagram.framework; sourceTree = BUILT_PRODUCTS_DIR; };
		3FD7A773C4D883EF6A382D70 /* Pods-Parstagram.debug.xcconfig */ = {isa = PBXFileReference; includeInIndex = 1; lastKnownFileType = text.xcconfig; name = "Pods-Parstagram.debug.xcconfig"; path = "Target Support Files/Pods-Parstagram/Pods-Parstagram.debug.xcconfig"; sourceTree = "<group>"; };
		EF7A7EB227F6DBE1000843F2 /* Commentcell.swift */ = {isa = PBXFileReference; lastKnownFileType = sourcecode.swift; path = Commentcell.swift; sourceTree = "<group>"; };
		EFF2E31227EDA9EF00753E7F /* Parstagram.app */ = {isa = PBXFileReference; explicitFileType = wrapper.application; includeInIndex = 0; path = Parstagram.app; sourceTree = BUILT_PRODUCTS_DIR; };
		EFF2E31527EDA9EF00753E7F /* AppDelegate.swift */ = {isa = PBXFileReference; lastKnownFileType = sourcecode.swift; path = AppDelegate.swift; sourceTree = "<group>"; };
		EFF2E31727EDA9EF00753E7F /* SceneDelegate.swift */ = {isa = PBXFileReference; lastKnownFileType = sourcecode.swift; path = SceneDelegate.swift; sourceTree = "<group>"; };
		EFF2E31C27EDA9EF00753E7F /* Base */ = {isa = PBXFileReference; lastKnownFileType = file.storyboard; name = Base; path = Base.lproj/Main.storyboard; sourceTree = "<group>"; };
		EFF2E31E27EDA9F300753E7F /* Assets.xcassets */ = {isa = PBXFileReference; lastKnownFileType = folder.assetcatalog; path = Assets.xcassets; sourceTree = "<group>"; };
		EFF2E32127EDA9F300753E7F /* Base */ = {isa = PBXFileReference; lastKnownFileType = file.storyboard; name = Base; path = Base.lproj/LaunchScreen.storyboard; sourceTree = "<group>"; };
		EFF2E32327EDA9F300753E7F /* Info.plist */ = {isa = PBXFileReference; lastKnownFileType = text.plist.xml; path = Info.plist; sourceTree = "<group>"; };
		EFF2E32827EDA9F400753E7F /* ParstagramTests.xctest */ = {isa = PBXFileReference; explicitFileType = wrapper.cfbundle; includeInIndex = 0; path = ParstagramTests.xctest; sourceTree = BUILT_PRODUCTS_DIR; };
		EFF2E32C27EDA9F400753E7F /* ParstagramTests.swift */ = {isa = PBXFileReference; lastKnownFileType = sourcecode.swift; path = ParstagramTests.swift; sourceTree = "<group>"; };
		EFF2E33227EDA9F400753E7F /* ParstagramUITests.xctest */ = {isa = PBXFileReference; explicitFileType = wrapper.cfbundle; includeInIndex = 0; path = ParstagramUITests.xctest; sourceTree = BUILT_PRODUCTS_DIR; };
		EFF2E33627EDA9F400753E7F /* ParstagramUITests.swift */ = {isa = PBXFileReference; lastKnownFileType = sourcecode.swift; path = ParstagramUITests.swift; sourceTree = "<group>"; };
		EFF2E33827EDA9F400753E7F /* ParstagramUITestsLaunchTests.swift */ = {isa = PBXFileReference; lastKnownFileType = sourcecode.swift; path = ParstagramUITestsLaunchTests.swift; sourceTree = "<group>"; };
		EFF2E34527EDAFDB00753E7F /* LoginViewController.swift */ = {isa = PBXFileReference; lastKnownFileType = sourcecode.swift; path = LoginViewController.swift; sourceTree = "<group>"; };
		EFF2E34727EDAFF100753E7F /* FeedViewController.swift */ = {isa = PBXFileReference; lastKnownFileType = sourcecode.swift; path = FeedViewController.swift; sourceTree = "<group>"; };
		EFF2E34927EDBA4600753E7F /* CameraViewController.swift */ = {isa = PBXFileReference; lastKnownFileType = sourcecode.swift; path = CameraViewController.swift; sourceTree = "<group>"; };
		EFF2E34B27EE5EF400753E7F /* PostCell.swift */ = {isa = PBXFileReference; lastKnownFileType = sourcecode.swift; path = PostCell.swift; sourceTree = "<group>"; };
		F050AD57227FBA9F768AB600 /* Pods-Parstagram.release.xcconfig */ = {isa = PBXFileReference; includeInIndex = 1; lastKnownFileType = text.xcconfig; name = "Pods-Parstagram.release.xcconfig"; path = "Target Support Files/Pods-Parstagram/Pods-Parstagram.release.xcconfig"; sourceTree = "<group>"; };
/* End PBXFileReference section */

/* Begin PBXFrameworksBuildPhase section */
		EFF2E30F27EDA9EF00753E7F /* Frameworks */ = {
			isa = PBXFrameworksBuildPhase;
			buildActionMask = 2147483647;
			files = (
				CF25272A986214D5F84C7B7C /* Pods_Parstagram.framework in Frameworks */,
			);
			runOnlyForDeploymentPostprocessing = 0;
		};
		EFF2E32527EDA9F400753E7F /* Frameworks */ = {
			isa = PBXFrameworksBuildPhase;
			buildActionMask = 2147483647;
			files = (
			);
			runOnlyForDeploymentPostprocessing = 0;
		};
		EFF2E32F27EDA9F400753E7F /* Frameworks */ = {
			isa = PBXFrameworksBuildPhase;
			buildActionMask = 2147483647;
			files = (
			);
			runOnlyForDeploymentPostprocessing = 0;
		};
/* End PBXFrameworksBuildPhase section */

/* Begin PBXGroup section */
		505DB447763C3BF4ABB3E256 /* Frameworks */ = {
			isa = PBXGroup;
			children = (
				3C445179EF48F85C0AE70DE1 /* Pods_Parstagram.framework */,
			);
			name = Frameworks;
			sourceTree = "<group>";
		};
		5DC28D32A534F2AEEF6FDB0F /* Pods */ = {
			isa = PBXGroup;
			children = (
				3FD7A773C4D883EF6A382D70 /* Pods-Parstagram.debug.xcconfig */,
				F050AD57227FBA9F768AB600 /* Pods-Parstagram.release.xcconfig */,
			);
			path = Pods;
			sourceTree = "<group>";
		};
		EFF2E30927EDA9EF00753E7F = {
			isa = PBXGroup;
			children = (
				EFF2E31427EDA9EF00753E7F /* Parstagram */,
				EFF2E32B27EDA9F400753E7F /* ParstagramTests */,
				EFF2E33527EDA9F400753E7F /* ParstagramUITests */,
				EFF2E31327EDA9EF00753E7F /* Products */,
				5DC28D32A534F2AEEF6FDB0F /* Pods */,
				505DB447763C3BF4ABB3E256 /* Frameworks */,
			);
			sourceTree = "<group>";
		};
		EFF2E31327EDA9EF00753E7F /* Products */ = {
			isa = PBXGroup;
			children = (
				EFF2E31227EDA9EF00753E7F /* Parstagram.app */,
				EFF2E32827EDA9F400753E7F /* ParstagramTests.xctest */,
				EFF2E33227EDA9F400753E7F /* ParstagramUITests.xctest */,
			);
			name = Products;
			sourceTree = "<group>";
		};
		EFF2E31427EDA9EF00753E7F /* Parstagram */ = {
			isa = PBXGroup;
			children = (
				EFF2E31527EDA9EF00753E7F /* AppDelegate.swift */,
				EFF2E31727EDA9EF00753E7F /* SceneDelegate.swift */,
				EFF2E31B27EDA9EF00753E7F /* Main.storyboard */,
				EFF2E31E27EDA9F300753E7F /* Assets.xcassets */,
				EFF2E32027EDA9F300753E7F /* LaunchScreen.storyboard */,
				EFF2E32327EDA9F300753E7F /* Info.plist */,
				EFF2E34527EDAFDB00753E7F /* LoginViewController.swift */,
				EFF2E34727EDAFF100753E7F /* FeedViewController.swift */,
				EFF2E34927EDBA4600753E7F /* CameraViewController.swift */,
				EFF2E34B27EE5EF400753E7F /* PostCell.swift */,
				EF7A7EB227F6DBE1000843F2 /* Commentcell.swift */,
			);
			path = Parstagram;
			sourceTree = "<group>";
		};
		EFF2E32B27EDA9F400753E7F /* ParstagramTests */ = {
			isa = PBXGroup;
			children = (
				EFF2E32C27EDA9F400753E7F /* ParstagramTests.swift */,
			);
			path = ParstagramTests;
			sourceTree = "<group>";
		};
		EFF2E33527EDA9F400753E7F /* ParstagramUITests */ = {
			isa = PBXGroup;
			children = (
				EFF2E33627EDA9F400753E7F /* ParstagramUITests.swift */,
				EFF2E33827EDA9F400753E7F /* ParstagramUITestsLaunchTests.swift */,
			);
			path = ParstagramUITests;
			sourceTree = "<group>";
		};
/* End PBXGroup section */

/* Begin PBXNativeTarget section */
		EFF2E31127EDA9EF00753E7F /* Parstagram */ = {
			isa = PBXNativeTarget;
			buildConfigurationList = EFF2E33C27EDA9F400753E7F /* Build configuration list for PBXNativeTarget "Parstagram" */;
			buildPhases = (
				57CB03CB0238469D80996BF1 /* [CP] Check Pods Manifest.lock */,
				EFF2E30E27EDA9EF00753E7F /* Sources */,
				EFF2E30F27EDA9EF00753E7F /* Frameworks */,
				EFF2E31027EDA9EF00753E7F /* Resources */,
				FDE5CD2AE3FED8A338D20906 /* [CP] Embed Pods Frameworks */,
			);
			buildRules = (
			);
			dependencies = (
			);
			name = Parstagram;
			productName = Parstagram;
			productReference = EFF2E31227EDA9EF00753E7F /* Parstagram.app */;
			productType = "com.apple.product-type.application";
		};
		EFF2E32727EDA9F400753E7F /* ParstagramTests */ = {
			isa = PBXNativeTarget;
			buildConfigurationList = EFF2E33F27EDA9F400753E7F /* Build configuration list for PBXNativeTarget "ParstagramTests" */;
			buildPhases = (
				EFF2E32427EDA9F400753E7F /* Sources */,
				EFF2E32527EDA9F400753E7F /* Frameworks */,
				EFF2E32627EDA9F400753E7F /* Resources */,
			);
			buildRules = (
			);
			dependencies = (
				EFF2E32A27EDA9F400753E7F /* PBXTargetDependency */,
			);
			name = ParstagramTests;
			productName = ParstagramTests;
			productReference = EFF2E32827EDA9F400753E7F /* ParstagramTests.xctest */;
			productType = "com.apple.product-type.bundle.unit-test";
		};
		EFF2E33127EDA9F400753E7F /* ParstagramUITests */ = {
			isa = PBXNativeTarget;
			buildConfigurationList = EFF2E34227EDA9F400753E7F /* Build configuration list for PBXNativeTarget "ParstagramUITests" */;
			buildPhases = (
				EFF2E32E27EDA9F400753E7F /* Sources */,
				EFF2E32F27EDA9F400753E7F /* Frameworks */,
				EFF2E33027EDA9F400753E7F /* Resources */,
			);
			buildRules = (
			);
			dependencies = (
				EFF2E33427EDA9F400753E7F /* PBXTargetDependency */,
			);
			name = ParstagramUITests;
			productName = ParstagramUITests;
			productReference = EFF2E33227EDA9F400753E7F /* ParstagramUITests.xctest */;
			productType = "com.apple.product-type.bundle.ui-testing";
		};
/* End PBXNativeTarget section */

/* Begin PBXProject section */
		EFF2E30A27EDA9EF00753E7F /* Project object */ = {
			isa = PBXProject;
			attributes = {
				BuildIndependentTargetsInParallel = 1;
				LastSwiftUpdateCheck = 1320;
				LastUpgradeCheck = 1320;
				TargetAttributes = {
					EFF2E31127EDA9EF00753E7F = {
						CreatedOnToolsVersion = 13.2.1;
					};
					EFF2E32727EDA9F400753E7F = {
						CreatedOnToolsVersion = 13.2.1;
						TestTargetID = EFF2E31127EDA9EF00753E7F;
					};
					EFF2E33127EDA9F400753E7F = {
						CreatedOnToolsVersion = 13.2.1;
						TestTargetID = EFF2E31127EDA9EF00753E7F;
					};
				};
			};
			buildConfigurationList = EFF2E30D27EDA9EF00753E7F /* Build configuration list for PBXProject "Parstagram" */;
			compatibilityVersion = "Xcode 13.0";
			developmentRegion = en;
			hasScannedForEncodings = 0;
			knownRegions = (
				en,
				Base,
			);
			mainGroup = EFF2E30927EDA9EF00753E7F;
			productRefGroup = EFF2E31327EDA9EF00753E7F /* Products */;
			projectDirPath = "";
			projectRoot = "";
			targets = (
				EFF2E31127EDA9EF00753E7F /* Parstagram */,
				EFF2E32727EDA9F400753E7F /* ParstagramTests */,
				EFF2E33127EDA9F400753E7F /* ParstagramUITests */,
			);
		};
/* End PBXProject section */

/* Begin PBXResourcesBuildPhase section */
		EFF2E31027EDA9EF00753E7F /* Resources */ = {
			isa = PBXResourcesBuildPhase;
			buildActionMask = 2147483647;
			files = (
				EFF2E32227EDA9F300753E7F /* LaunchScreen.storyboard in Resources */,
				EFF2E31F27EDA9F300753E7F /* Assets.xcassets in Resources */,
				EFF2E31D27EDA9EF00753E7F /* Main.storyboard in Resources */,
			);
			runOnlyForDeploymentPostprocessing = 0;
		};
		EFF2E32627EDA9F400753E7F /* Resources */ = {
			isa = PBXResourcesBuildPhase;
			buildActionMask = 2147483647;
			files = (
			);
			runOnlyForDeploymentPostprocessing = 0;
		};
		EFF2E33027EDA9F400753E7F /* Resources */ = {
			isa = PBXResourcesBuildPhase;
			buildActionMask = 2147483647;
			files = (
			);
			runOnlyForDeploymentPostprocessing = 0;
		};
/* End PBXResourcesBuildPhase section */

/* Begin PBXShellScriptBuildPhase section */
		57CB03CB0238469D80996BF1 /* [CP] Check Pods Manifest.lock */ = {
			isa = PBXShellScriptBuildPhase;
			buildActionMask = 2147483647;
			files = (
			);
			inputFileListPaths = (
			);
			inputPaths = (
				"${PODS_PODFILE_DIR_PATH}/Podfile.lock",
				"${PODS_ROOT}/Manifest.lock",
			);
			name = "[CP] Check Pods Manifest.lock";
			outputFileListPaths = (
			);
			outputPaths = (
				"$(DERIVED_FILE_DIR)/Pods-Parstagram-checkManifestLockResult.txt",
			);
			runOnlyForDeploymentPostprocessing = 0;
			shellPath = /bin/sh;
			shellScript = "diff \"${PODS_PODFILE_DIR_PATH}/Podfile.lock\" \"${PODS_ROOT}/Manifest.lock\" > /dev/null\nif [ $? != 0 ] ; then\n    # print error to STDERR\n    echo \"error: The sandbox is not in sync with the Podfile.lock. Run 'pod install' or update your CocoaPods installation.\" >&2\n    exit 1\nfi\n# This output is used by Xcode 'outputs' to avoid re-running this script phase.\necho \"SUCCESS\" > \"${SCRIPT_OUTPUT_FILE_0}\"\n";
			showEnvVarsInLog = 0;
		};
		FDE5CD2AE3FED8A338D20906 /* [CP] Embed Pods Frameworks */ = {
			isa = PBXShellScriptBuildPhase;
			buildActionMask = 2147483647;
			files = (
			);
			inputFileListPaths = (
				"${PODS_ROOT}/Target Support Files/Pods-Parstagram/Pods-Parstagram-frameworks-${CONFIGURATION}-input-files.xcfilelist",
			);
			name = "[CP] Embed Pods Frameworks";
			outputFileListPaths = (
				"${PODS_ROOT}/Target Support Files/Pods-Parstagram/Pods-Parstagram-frameworks-${CONFIGURATION}-output-files.xcfilelist",
			);
			runOnlyForDeploymentPostprocessing = 0;
			shellPath = /bin/sh;
			shellScript = "\"${PODS_ROOT}/Target Support Files/Pods-Parstagram/Pods-Parstagram-frameworks.sh\"\n";
			showEnvVarsInLog = 0;
		};
/* End PBXShellScriptBuildPhase section */

/* Begin PBXSourcesBuildPhase section */
		EFF2E30E27EDA9EF00753E7F /* Sources */ = {
			isa = PBXSourcesBuildPhase;
			buildActionMask = 2147483647;
			files = (
				EFF2E34627EDAFDB00753E7F /* LoginViewController.swift in Sources */,
				EFF2E34A27EDBA4600753E7F /* CameraViewController.swift in Sources */,
				EFF2E34827EDAFF100753E7F /* FeedViewController.swift in Sources */,
				EFF2E31627EDA9EF00753E7F /* AppDelegate.swift in Sources */,
				EF7A7EB327F6DBE1000843F2 /* Commentcell.swift in Sources */,
				EFF2E31827EDA9EF00753E7F /* SceneDelegate.swift in Sources */,
				EFF2E34C27EE5EF500753E7F /* PostCell.swift in Sources */,
			);
			runOnlyForDeploymentPostprocessing = 0;
		};
		EFF2E32427EDA9F400753E7F /* Sources */ = {
			isa = PBXSourcesBuildPhase;
			buildActionMask = 2147483647;
			files = (
				EFF2E32D27EDA9F400753E7F /* ParstagramTests.swift in Sources */,
			);
			runOnlyForDeploymentPostprocessing = 0;
		};
		EFF2E32E27EDA9F400753E7F /* Sources */ = {
			isa = PBXSourcesBuildPhase;
			buildActionMask = 2147483647;
			files = (
				EFF2E33927EDA9F400753E7F /* ParstagramUITestsLaunchTests.swift in Sources */,
				EFF2E33727EDA9F400753E7F /* ParstagramUITests.swift in Sources */,
			);
			runOnlyForDeploymentPostprocessing = 0;
		};
/* End PBXSourcesBuildPhase section */

/* Begin PBXTargetDependency section */
		EFF2E32A27EDA9F400753E7F /* PBXTargetDependency */ = {
			isa = PBXTargetDependency;
			target = EFF2E31127EDA9EF00753E7F /* Parstagram */;
			targetProxy = EFF2E32927EDA9F400753E7F /* PBXContainerItemProxy */;
		};
		EFF2E33427EDA9F400753E7F /* PBXTargetDependency */ = {
			isa = PBXTargetDependency;
			target = EFF2E31127EDA9EF00753E7F /* Parstagram */;
			targetProxy = EFF2E33327EDA9F400753E7F /* PBXContainerItemProxy */;
		};
/* End PBXTargetDependency section */

/* Begin PBXVariantGroup section */
		EFF2E31B27EDA9EF00753E7F /* Main.storyboard */ = {
			isa = PBXVariantGroup;
			children = (
				EFF2E31C27EDA9EF00753E7F /* Base */,
			);
			name = Main.storyboard;
			sourceTree = "<group>";
		};
		EFF2E32027EDA9F300753E7F /* LaunchScreen.storyboard */ = {
			isa = PBXVariantGroup;
			children = (
				EFF2E32127EDA9F300753E7F /* Base */,
			);
			name = LaunchScreen.storyboard;
			sourceTree = "<group>";
		};
/* End PBXVariantGroup section */

/* Begin XCBuildConfiguration section */
		EFF2E33A27EDA9F400753E7F /* Debug */ = {
			isa = XCBuildConfiguration;
			buildSettings = {
				ALWAYS_SEARCH_USER_PATHS = NO;
				CLANG_ANALYZER_NONNULL = YES;
				CLANG_ANALYZER_NUMBER_OBJECT_CONVERSION = YES_AGGRESSIVE;
				CLANG_CXX_LANGUAGE_STANDARD = "gnu++17";
				CLANG_CXX_LIBRARY = "libc++";
				CLANG_ENABLE_MODULES = YES;
				CLANG_ENABLE_OBJC_ARC = YES;
				CLANG_ENABLE_OBJC_WEAK = YES;
				CLANG_WARN_BLOCK_CAPTURE_AUTORELEASING = YES;
				CLANG_WARN_BOOL_CONVERSION = YES;
				CLANG_WARN_COMMA = YES;
				CLANG_WARN_CONSTANT_CONVERSION = YES;
				CLANG_WARN_DEPRECATED_OBJC_IMPLEMENTATIONS = YES;
				CLANG_WARN_DIRECT_OBJC_ISA_USAGE = YES_ERROR;
				CLANG_WARN_DOCUMENTATION_COMMENTS = YES;
				CLANG_WARN_EMPTY_BODY = YES;
				CLANG_WARN_ENUM_CONVERSION = YES;
				CLANG_WARN_INFINITE_RECURSION = YES;
				CLANG_WARN_INT_CONVERSION = YES;
				CLANG_WARN_NON_LITERAL_NULL_CONVERSION = YES;
				CLANG_WARN_OBJC_IMPLICIT_RETAIN_SELF = YES;
				CLANG_WARN_OBJC_LITERAL_CONVERSION = YES;
				CLANG_WARN_OBJC_ROOT_CLASS = YES_ERROR;
				CLANG_WARN_QUOTED_INCLUDE_IN_FRAMEWORK_HEADER = YES;
				CLANG_WARN_RANGE_LOOP_ANALYSIS = YES;
				CLANG_WARN_STRICT_PROTOTYPES = YES;
				CLANG_WARN_SUSPICIOUS_MOVE = YES;
				CLANG_WARN_UNGUARDED_AVAILABILITY = YES_AGGRESSIVE;
				CLANG_WARN_UNREACHABLE_CODE = YES;
				CLANG_WARN__DUPLICATE_METHOD_MATCH = YES;
				COPY_PHASE_STRIP = NO;
				DEBUG_INFORMATION_FORMAT = dwarf;
				ENABLE_STRICT_OBJC_MSGSEND = YES;
				ENABLE_TESTABILITY = YES;
				GCC_C_LANGUAGE_STANDARD = gnu11;
				GCC_DYNAMIC_NO_PIC = NO;
				GCC_NO_COMMON_BLOCKS = YES;
				GCC_OPTIMIZATION_LEVEL = 0;
				GCC_PREPROCESSOR_DEFINITIONS = (
					"DEBUG=1",
					"$(inherited)",
				);
				GCC_WARN_64_TO_32_BIT_CONVERSION = YES;
				GCC_WARN_ABOUT_RETURN_TYPE = YES_ERROR;
				GCC_WARN_UNDECLARED_SELECTOR = YES;
				GCC_WARN_UNINITIALIZED_AUTOS = YES_AGGRESSIVE;
				GCC_WARN_UNUSED_FUNCTION = YES;
				GCC_WARN_UNUSED_VARIABLE = YES;
				IPHONEOS_DEPLOYMENT_TARGET = 15.2;
				MTL_ENABLE_DEBUG_INFO = INCLUDE_SOURCE;
				MTL_FAST_MATH = YES;
				ONLY_ACTIVE_ARCH = YES;
				SDKROOT = iphoneos;
				SWIFT_ACTIVE_COMPILATION_CONDITIONS = DEBUG;
				SWIFT_OPTIMIZATION_LEVEL = "-Onone";
			};
			name = Debug;
		};
		EFF2E33B27EDA9F400753E7F /* Release */ = {
			isa = XCBuildConfiguration;
			buildSettings = {
				ALWAYS_SEARCH_USER_PATHS = NO;
				CLANG_ANALYZER_NONNULL = YES;
				CLANG_ANALYZER_NUMBER_OBJECT_CONVERSION = YES_AGGRESSIVE;
				CLANG_CXX_LANGUAGE_STANDARD = "gnu++17";
				CLANG_CXX_LIBRARY = "libc++";
				CLANG_ENABLE_MODULES = YES;
				CLANG_ENABLE_OBJC_ARC = YES;
				CLANG_ENABLE_OBJC_WEAK = YES;
				CLANG_WARN_BLOCK_CAPTURE_AUTORELEASING = YES;
				CLANG_WARN_BOOL_CONVERSION = YES;
				CLANG_WARN_COMMA = YES;
				CLANG_WARN_CONSTANT_CONVERSION = YES;
				CLANG_WARN_DEPRECATED_OBJC_IMPLEMENTATIONS = YES;
				CLANG_WARN_DIRECT_OBJC_ISA_USAGE = YES_ERROR;
				CLANG_WARN_DOCUMENTATION_COMMENTS = YES;
				CLANG_WARN_EMPTY_BODY = YES;
				CLANG_WARN_ENUM_CONVERSION = YES;
				CLANG_WARN_INFINITE_RECURSION = YES;
				CLANG_WARN_INT_CONVERSION = YES;
				CLANG_WARN_NON_LITERAL_NULL_CONVERSION = YES;
				CLANG_WARN_OBJC_IMPLICIT_RETAIN_SELF = YES;
				CLANG_WARN_OBJC_LITERAL_CONVERSION = YES;
				CLANG_WARN_OBJC_ROOT_CLASS = YES_ERROR;
				CLANG_WARN_QUOTED_INCLUDE_IN_FRAMEWORK_HEADER = YES;
				CLANG_WARN_RANGE_LOOP_ANALYSIS = YES;
				CLANG_WARN_STRICT_PROTOTYPES = YES;
				CLANG_WARN_SUSPICIOUS_MOVE = YES;
				CLANG_WARN_UNGUARDED_AVAILABILITY = YES_AGGRESSIVE;
				CLANG_WARN_UNREACHABLE_CODE = YES;
				CLANG_WARN__DUPLICATE_METHOD_MATCH = YES;
				COPY_PHASE_STRIP = NO;
				DEBUG_INFORMATION_FORMAT = "dwarf-with-dsym";
				ENABLE_NS_ASSERTIONS = NO;
				ENABLE_STRICT_OBJC_MSGSEND = YES;
				GCC_C_LANGUAGE_STANDARD = gnu11;
				GCC_NO_COMMON_BLOCKS = YES;
				GCC_WARN_64_TO_32_BIT_CONVERSION = YES;
				GCC_WARN_ABOUT_RETURN_TYPE = YES_ERROR;
				GCC_WARN_UNDECLARED_SELECTOR = YES;
				GCC_WARN_UNINITIALIZED_AUTOS = YES_AGGRESSIVE;
				GCC_WARN_UNUSED_FUNCTION = YES;
				GCC_WARN_UNUSED_VARIABLE = YES;
				IPHONEOS_DEPLOYMENT_TARGET = 15.2;
				MTL_ENABLE_DEBUG_INFO = NO;
				MTL_FAST_MATH = YES;
				SDKROOT = iphoneos;
				SWIFT_COMPILATION_MODE = wholemodule;
				SWIFT_OPTIMIZATION_LEVEL = "-O";
				VALIDATE_PRODUCT = YES;
			};
			name = Release;
		};
		EFF2E33D27EDA9F400753E7F /* Debug */ = {
			isa = XCBuildConfiguration;
			baseConfigurationReference = 3FD7A773C4D883EF6A382D70 /* Pods-Parstagram.debug.xcconfig */;
			buildSettings = {
				ASSETCATALOG_COMPILER_APPICON_NAME = AppIcon;
				ASSETCATALOG_COMPILER_GLOBAL_ACCENT_COLOR_NAME = AccentColor;
				CODE_SIGN_STYLE = Automatic;
				CURRENT_PROJECT_VERSION = 1;
				DEVELOPMENT_TEAM = 75ZKNMXXC2;
				GENERATE_INFOPLIST_FILE = YES;
				INFOPLIST_FILE = Parstagram/Info.plist;
				INFOPLIST_KEY_UIApplicationSupportsIndirectInputEvents = YES;
				INFOPLIST_KEY_UILaunchStoryboardName = LaunchScreen;
				INFOPLIST_KEY_UIMainStoryboardFile = Main;
				INFOPLIST_KEY_UISupportedInterfaceOrientations_iPad = "UIInterfaceOrientationPortrait UIInterfaceOrientationPortraitUpsideDown UIInterfaceOrientationLandscapeLeft UIInterfaceOrientationLandscapeRight";
				INFOPLIST_KEY_UISupportedInterfaceOrientations_iPhone = "UIInterfaceOrientationPortrait UIInterfaceOrientationLandscapeLeft UIInterfaceOrientationLandscapeRight";
				LD_RUNPATH_SEARCH_PATHS = (
					"$(inherited)",
					"@executable_path/Frameworks",
				);
				MARKETING_VERSION = 1.0;
				PRODUCT_BUNDLE_IDENTIFIER = memo.com.Parstagram;
				PRODUCT_NAME = "$(TARGET_NAME)";
				SWIFT_EMIT_LOC_STRINGS = YES;
				SWIFT_VERSION = 5.0;
				TARGETED_DEVICE_FAMILY = "1,2";
			};
			name = Debug;
		};
		EFF2E33E27EDA9F400753E7F /* Release */ = {
			isa = XCBuildConfiguration;
			baseConfigurationReference = F050AD57227FBA9F768AB600 /* Pods-Parstagram.release.xcconfig */;
			buildSettings = {
				ASSETCATALOG_COMPILER_APPICON_NAME = AppIcon;
				ASSETCATALOG_COMPILER_GLOBAL_ACCENT_COLOR_NAME = AccentColor;
				CODE_SIGN_STYLE = Automatic;
				CURRENT_PROJECT_VERSION = 1;
				DEVELOPMENT_TEAM = 75ZKNMXXC2;
				GENERATE_INFOPLIST_FILE = YES;
				INFOPLIST_FILE = Parstagram/Info.plist;
				INFOPLIST_KEY_UIApplicationSupportsIndirectInputEvents = YES;
				INFOPLIST_KEY_UILaunchStoryboardName = LaunchScreen;
				INFOPLIST_KEY_UIMainStoryboardFile = Main;
				INFOPLIST_KEY_UISupportedInterfaceOrientations_iPad = "UIInterfaceOrientationPortrait UIInterfaceOrientationPortraitUpsideDown UIInterfaceOrientationLandscapeLeft UIInterfaceOrientationLandscapeRight";
				INFOPLIST_KEY_UISupportedInterfaceOrientations_iPhone = "UIInterfaceOrientationPortrait UIInterfaceOrientationLandscapeLeft UIInterfaceOrientationLandscapeRight";
				LD_RUNPATH_SEARCH_PATHS = (
					"$(inherited)",
					"@executable_path/Frameworks",
				);
				MARKETING_VERSION = 1.0;
				PRODUCT_BUNDLE_IDENTIFIER = memo.com.Parstagram;
				PRODUCT_NAME = "$(TARGET_NAME)";
				SWIFT_EMIT_LOC_STRINGS = YES;
				SWIFT_VERSION = 5.0;
				TARGETED_DEVICE_FAMILY = "1,2";
			};
			name = Release;
		};
		EFF2E34027EDA9F400753E7F /* Debug */ = {
			isa = XCBuildConfiguration;
			buildSettings = {
				ALWAYS_EMBED_SWIFT_STANDARD_LIBRARIES = YES;
				BUNDLE_LOADER = "$(TEST_HOST)";
				CODE_SIGN_STYLE = Automatic;
				CURRENT_PROJECT_VERSION = 1;
				DEVELOPMENT_TEAM = 75ZKNMXXC2;
				GENERATE_INFOPLIST_FILE = YES;
				IPHONEOS_DEPLOYMENT_TARGET = 15.2;
				MARKETING_VERSION = 1.0;
				PRODUCT_BUNDLE_IDENTIFIER = memo.com.ParstagramTests;
				PRODUCT_NAME = "$(TARGET_NAME)";
				SWIFT_EMIT_LOC_STRINGS = NO;
				SWIFT_VERSION = 5.0;
				TARGETED_DEVICE_FAMILY = "1,2";
				TEST_HOST = "$(BUILT_PRODUCTS_DIR)/Parstagram.app/Parstagram";
			};
			name = Debug;
		};
		EFF2E34127EDA9F400753E7F /* Release */ = {
			isa = XCBuildConfiguration;
			buildSettings = {
				ALWAYS_EMBED_SWIFT_STANDARD_LIBRARIES = YES;
				BUNDLE_LOADER = "$(TEST_HOST)";
				CODE_SIGN_STYLE = Automatic;
				CURRENT_PROJECT_VERSION = 1;
				DEVELOPMENT_TEAM = 75ZKNMXXC2;
				GENERATE_INFOPLIST_FILE = YES;
				IPHONEOS_DEPLOYMENT_TARGET = 15.2;
				MARKETING_VERSION = 1.0;
				PRODUCT_BUNDLE_IDENTIFIER = memo.com.ParstagramTests;
				PRODUCT_NAME = "$(TARGET_NAME)";
				SWIFT_EMIT_LOC_STRINGS = NO;
				SWIFT_VERSION = 5.0;
				TARGETED_DEVICE_FAMILY = "1,2";
				TEST_HOST = "$(BUILT_PRODUCTS_DIR)/Parstagram.app/Parstagram";
			};
			name = Release;
		};
		EFF2E34327EDA9F400753E7F /* Debug */ = {
			isa = XCBuildConfiguration;
			buildSettings = {
				ALWAYS_EMBED_SWIFT_STANDARD_LIBRARIES = YES;
				CODE_SIGN_STYLE = Automatic;
				CURRENT_PROJECT_VERSION = 1;
				DEVELOPMENT_TEAM = 75ZKNMXXC2;
				GENERATE_INFOPLIST_FILE = YES;
				MARKETING_VERSION = 1.0;
				PRODUCT_BUNDLE_IDENTIFIER = memo.com.ParstagramUITests;
				PRODUCT_NAME = "$(TARGET_NAME)";
				SWIFT_EMIT_LOC_STRINGS = NO;
				SWIFT_VERSION = 5.0;
				TARGETED_DEVICE_FAMILY = "1,2";
				TEST_TARGET_NAME = Parstagram;
			};
			name = Debug;
		};
		EFF2E34427EDA9F400753E7F /* Release */ = {
			isa = XCBuildConfiguration;
			buildSettings = {
				ALWAYS_EMBED_SWIFT_STANDARD_LIBRARIES = YES;
				CODE_SIGN_STYLE = Automatic;
				CURRENT_PROJECT_VERSION = 1;
				DEVELOPMENT_TEAM = 75ZKNMXXC2;
				GENERATE_INFOPLIST_FILE = YES;
				MARKETING_VERSION = 1.0;
				PRODUCT_BUNDLE_IDENTIFIER = memo.com.ParstagramUITests;
				PRODUCT_NAME = "$(TARGET_NAME)";
				SWIFT_EMIT_LOC_STRINGS = NO;
				SWIFT_VERSION = 5.0;
				TARGETED_DEVICE_FAMILY = "1,2";
				TEST_TARGET_NAME = Parstagram;
			};
			name = Release;
		};
/* End XCBuildConfiguration section */

/* Begin XCConfigurationList section */
		EFF2E30D27EDA9EF00753E7F /* Build configuration list for PBXProject "Parstagram" */ = {
			isa = XCConfigurationList;
			buildConfigurations = (
				EFF2E33A27EDA9F400753E7F /* Debug */,
				EFF2E33B27EDA9F400753E7F /* Release */,
			);
			defaultConfigurationIsVisible = 0;
			defaultConfigurationName = Release;
		};
		EFF2E33C27EDA9F400753E7F /* Build configuration list for PBXNativeTarget "Parstagram" */ = {
			isa = XCConfigurationList;
			buildConfigurations = (
				EFF2E33D27EDA9F400753E7F /* Debug */,
				EFF2E33E27EDA9F400753E7F /* Release */,
			);
			defaultConfigurationIsVisible = 0;
			defaultConfigurationName = Release;
		};
		EFF2E33F27EDA9F400753E7F /* Build configuration list for PBXNativeTarget "ParstagramTests" */ = {
			isa = XCConfigurationList;
			buildConfigurations = (
				EFF2E34027EDA9F400753E7F /* Debug */,
				EFF2E34127EDA9F400753E7F /* Release */,
			);
			defaultConfigurationIsVisible = 0;
			defaultConfigurationName = Release;
		};
		EFF2E34227EDA9F400753E7F /* Build configuration list for PBXNativeTarget "ParstagramUITests" */ = {
			isa = XCConfigurationList;
			buildConfigurations = (
				EFF2E34327EDA9F400753E7F /* Debug */,
				EFF2E34427EDA9F400753E7F /* Release */,
			);
			defaultConfigurationIsVisible = 0;
			defaultConfigurationName = Release;
		};
/* End XCConfigurationList section */
	};
	rootObject = EFF2E30A27EDA9EF00753E7F /* Project object */;
}
